# THIS IS AN AUTOGENERATED FILE. DO NOT EDIT THIS FILE DIRECTLY.
# yarn lockfile v1


bs-decoders@^0.6.0:
  version "0.6.0"
  resolved "https://registry.yarnpkg.com/bs-decoders/-/bs-decoders-0.6.0.tgz#9450dcb7a00930fe9f8a89597fe501d8dbce3d17"
  integrity sha512-TvofA9PnId0Ouv48u6zs1ucoXjObGSSeY5UxtT/QDs9qICTSPoiYhqZs4FWzKv9TdU2yiVnR4BXHWlo2BakHiQ==
